
Microsoft Visual Studio Solution File, Format Version 11.00
# Visual Studio 2010
Project("{FAE04EC0-301F-11D3-BF4B-00C04F79EFBC}") = "PortGame2D", "Assembly-CSharp.csproj", "{81E274D9-E837-31F2-D602-00A89B9A73B6}"
EndProject
Global
	GlobalSection(SolutionConfigurationPlatforms) = preSolution
		Debug|Any CPU = Debug|Any CPU
		Release|Any CPU = Release|Any CPU
	EndGlobalSection
	GlobalSection(ProjectConfigurationPlatforms) = postSolution
		{81E274D9-E837-31F2-D602-00A89B9A73B6}.Debug|Any CPU.ActiveCfg = Debug|Any CPU
		{81E274D9-E837-31F2-D602-00A89B9A73B6}.Debug|Any CPU.Build.0 = Debug|Any CPU
		{81E274D9-E837-31F2-D602-00A89B9A73B6}.Release|Any CPU.ActiveCfg = Release|Any CPU
		{81E274D9-E837-31F2-D602-00A89B9A73B6}.Release|Any CPU.Build.0 = Release|Any CPU
	EndGlobalSection
	GlobalSection(SolutionProperties) = preSolution
		HideSolutionNode = FALSE
	EndGlobalSection
	GlobalSection(MonoDevelopProperties) = preSolution
		StartupItem = Assembly-CSharp.csproj
	EndGlobalSection
EndGlobal
